
Microsoft Visual Studio Solution File, Format Version 12.00
# Visual Studio Version 17
VisualStudioVersion = 17.6.33829.357
MinimumVisualStudioVersion = 10.0.40219.1
Project("{888888A0-9F3D-457C-B088-3A5042F75D52}") = "Overtime Logger", "Overtime Logger.pyproj", "{44A1EC05-5136-46E9-B48E-CF85DC09CD3C}"
EndProject
Global
	GlobalSection(SolutionConfigurationPlatforms) = preSolution
		Debug|Any CPU = Debug|Any CPU
		Release|Any CPU = Release|Any CPU
	EndGlobalSection
	GlobalSection(ProjectConfigurationPlatforms) = postSolution
		{44A1EC05-5136-46E9-B48E-CF85DC09CD3C}.Debug|Any CPU.ActiveCfg = Debug|Any CPU
		{44A1EC05-5136-46E9-B48E-CF85DC09CD3C}.Release|Any CPU.ActiveCfg = Release|Any CPU
	EndGlobalSection
	GlobalSection(SolutionProperties) = preSolution
		HideSolutionNode = FALSE
	EndGlobalSection
	GlobalSection(ExtensibilityGlobals) = postSolution
		SolutionGuid = {B5064421-F15F-4BBC-B308-A1FCC4EED47B}
	EndGlobalSection
EndGlobal
